
Microsoft Visual Studio Solution File, Format Version 12.00
# Visual Studio Version 17
VisualStudioVersion = 17.13.35825.156 d17.13
MinimumVisualStudioVersion = 10.0.40219.1
Project("{FAE04EC0-301F-11D3-BF4B-00C04F79EFBC}") = "artificer_rubicon_hell_bonanza", "artificer_rubicon_hell_bonanza\artificer_rubicon_hell_bonanza.csproj", "{63475912-92EE-43A4-A2C4-66F59174DE55}"
EndProject
Global
	GlobalSection(SolutionConfigurationPlatforms) = preSolution
		Debug|Any CPU = Debug|Any CPU
		Release|Any CPU = Release|Any CPU
	EndGlobalSection
	GlobalSection(ProjectConfigurationPlatforms) = postSolution
		{63475912-92EE-43A4-A2C4-66F59174DE55}.Debug|Any CPU.ActiveCfg = Debug|Any CPU
		{63475912-92EE-43A4-A2C4-66F59174DE55}.Debug|Any CPU.Build.0 = Debug|Any CPU
		{63475912-92EE-43A4-A2C4-66F59174DE55}.Release|Any CPU.ActiveCfg = Release|Any CPU
		{63475912-92EE-43A4-A2C4-66F59174DE55}.Release|Any CPU.Build.0 = Release|Any CPU
	EndGlobalSection
	GlobalSection(SolutionProperties) = preSolution
		HideSolutionNode = FALSE
	EndGlobalSection
	GlobalSection(ExtensibilityGlobals) = postSolution
		SolutionGuid = {00F95F76-A075-44D3-8151-97A225EF588C}
	EndGlobalSection
EndGlobal
